// !$*UTF8*$!
{
	archiveVersion = 1;
	classes = {
	};
	objectVersion = 48;
	objects = {

/* Begin PBXBuildFile section */
		090E73BA979576EF5F7BAF3F /* libPods-liveSample.a in Frameworks */ = {isa = PBXBuildFile; fileRef = F53422EC858D5C33E5668F6B /* libPods-liveSample.a */; };
		28018CFA204EC8FF00289238 /* StretchingableNavViewController.m in Sources */ = {isa = PBXBuildFile; fileRef = 28018CF9204EC8FF00289238 /* StretchingableNavViewController.m */; };
		28018CFD204ECEE000289238 /* StretchingNavBar.m in Sources */ = {isa = PBXBuildFile; fileRef = 28018CFC204ECEE000289238 /* StretchingNavBar.m */; };
		281233E32066917600DA323D /* TMPlayerbackControl.m in Sources */ = {isa = PBXBuildFile; fileRef = 281233E22066917600DA323D /* TMPlayerbackControl.m */; };
		281233E6206691A600DA323D /* TMVideoSlider.m in Sources */ = {isa = PBXBuildFile; fileRef = 281233E5206691A600DA323D /* TMVideoSlider.m */; };
		281233EA2067859D00DA323D /* UIViewController+PlayerRotation.m in Sources */ = {isa = PBXBuildFile; fileRef = 281233E92067859D00DA323D /* UIViewController+PlayerRotation.m */; };
		285E31332058225B00E39916 /* StatisticModel.m in Sources */ = {isa = PBXBuildFile; fileRef = 285E31322058225B00E39916 /* StatisticModel.m */; };
		288B406A2052F62B005B9C38 /* transNBA.json in Resources */ = {isa = PBXBuildFile; fileRef = 288B40692052F62B005B9C38 /* transNBA.json */; };
		E20D411E2052359F00BA5C76 /* PointIconView.m in Sources */ = {isa = PBXBuildFile; fileRef = E20D411D2052359F00BA5C76 /* PointIconView.m */; };
		E20D41212052610400BA5C76 /* TeamIconView.m in Sources */ = {isa = PBXBuildFile; fileRef = E20D41202052610400BA5C76 /* TeamIconView.m */; };
		E2128D35205A586700823F3B /* moreData.png in Resources */ = {isa = PBXBuildFile; fileRef = E2128D34205A586700823F3B /* moreData.png */; };
		E243C176204F8D3F00818967 /* RaceStateModel.m in Sources */ = {isa = PBXBuildFile; fileRef = E243C175204F8D3F00818967 /* RaceStateModel.m */; };
		E243C17B204FCE3600818967 /* TeamStatisticCell.m in Sources */ = {isa = PBXBuildFile; fileRef = E243C17A204FCE3600818967 /* TeamStatisticCell.m */; };
		E243C17E204FCE5000818967 /* PlayerStatisticCell.m in Sources */ = {isa = PBXBuildFile; fileRef = E243C17D204FCE5000818967 /* PlayerStatisticCell.m */; };
		E243C181204FCE7400818967 /* PointStatisticCell.m in Sources */ = {isa = PBXBuildFile; fileRef = E243C180204FCE7400818967 /* PointStatisticCell.m */; };
		E243C184204FE20A00818967 /* teamInfo.json in Resources */ = {isa = PBXBuildFile; fileRef = E243C183204FE20900818967 /* teamInfo.json */; };
		E243C187205113C900818967 /* RaceStatisticCCell.m in Sources */ = {isa = PBXBuildFile; fileRef = E243C186205113C900818967 /* RaceStatisticCCell.m */; };
		E243C1922051387E00818967 /* gameInfo.json in Resources */ = {isa = PBXBuildFile; fileRef = E243C1912051387D00818967 /* gameInfo.json */; };
		E248B6852057A4AE006D551B /* TMCurtainView.m in Sources */ = {isa = PBXBuildFile; fileRef = E248B6842057A4AE006D551B /* TMCurtainView.m */; };
		E24D86272060A73B004666F5 /* TMPlayViewController.m in Sources */ = {isa = PBXBuildFile; fileRef = E24D86262060A73B004666F5 /* TMPlayViewController.m */; };
		E24D8A742060EA18004666F5 /* playerURL.json in Resources */ = {isa = PBXBuildFile; fileRef = E24D8A732060EA17004666F5 /* playerURL.json */; };
		E26561F1205BC40900BF08DA /* SpeechGetViewController.m in Sources */ = {isa = PBXBuildFile; fileRef = E26561F0205BC40900BF08DA /* SpeechGetViewController.m */; };
		E2710F7D20634FFB00A1E96C /* TMIconImageView.m in Sources */ = {isa = PBXBuildFile; fileRef = E2710F7C20634FFB00A1E96C /* TMIconImageView.m */; };
		E2710F7F20637F4300A1E96C /* SelVideoPlayer.gif in Resources */ = {isa = PBXBuildFile; fileRef = E2710F7E20637F4300A1E96C /* SelVideoPlayer.gif */; };
		E2710F81206389E700A1E96C /* minion_02.mp4 in Resources */ = {isa = PBXBuildFile; fileRef = E2710F80206389E700A1E96C /* minion_02.mp4 */; };
		E2B7237E204D1F5F00BD972F /* AppDelegate.m in Sources */ = {isa = PBXBuildFile; fileRef = E2B7237D204D1F5F00BD972F /* AppDelegate.m */; };
		E2B72381204D1F5F00BD972F /* ViewController.m in Sources */ = {isa = PBXBuildFile; fileRef = E2B72380204D1F5F00BD972F /* ViewController.m */; };
		E2B72384204D1F5F00BD972F /* Main.storyboard in Resources */ = {isa = PBXBuildFile; fileRef = E2B72382204D1F5F00BD972F /* Main.storyboard */; };
		E2B72386204D1F5F00BD972F /* Assets.xcassets in Resources */ = {isa = PBXBuildFile; fileRef = E2B72385204D1F5F00BD972F /* Assets.xcassets */; };
		E2B72389204D1F5F00BD972F /* LaunchScreen.storyboard in Resources */ = {isa = PBXBuildFile; fileRef = E2B72387204D1F5F00BD972F /* LaunchScreen.storyboard */; };
		E2B7238C204D1F5F00BD972F /* main.m in Sources */ = {isa = PBXBuildFile; fileRef = E2B7238B204D1F5F00BD972F /* main.m */; };
		E2B72396204D1F5F00BD972F /* liveSampleTests.m in Sources */ = {isa = PBXBuildFile; fileRef = E2B72395204D1F5F00BD972F /* liveSampleTests.m */; };
		E2B723A1204D1F5F00BD972F /* liveSampleUITests.m in Sources */ = {isa = PBXBuildFile; fileRef = E2B723A0204D1F5F00BD972F /* liveSampleUITests.m */; };
		E2B723B0204D20E900BD972F /* RaceStateCell.m in Sources */ = {isa = PBXBuildFile; fileRef = E2B723AF204D20E900BD972F /* RaceStateCell.m */; };
		E2C284CB204E9AC700FD3823 /* RaceStateViewController.m in Sources */ = {isa = PBXBuildFile; fileRef = E2C284CA204E9AC700FD3823 /* RaceStateViewController.m */; };
		E2C5FB1A2064DE41008B9EA2 /* TMVideoPlayer.m in Sources */ = {isa = PBXBuildFile; fileRef = E2C5FB192064DE41008B9EA2 /* TMVideoPlayer.m */; };
		E2C5FB1D2064DE90008B9EA2 /* TMPlayerConfiguration.m in Sources */ = {isa = PBXBuildFile; fileRef = E2C5FB1C2064DE90008B9EA2 /* TMPlayerConfiguration.m */; };
		E2DCB0982058FBEE002EDBCD /* TeamStatisticLine.m in Sources */ = {isa = PBXBuildFile; fileRef = E2DCB0972058FBEE002EDBCD /* TeamStatisticLine.m */; };
/* End PBXBuildFile section */

/* Begin PBXContainerItemProxy section */
		E2B72392204D1F5F00BD972F /* PBXContainerItemProxy */ = {
			isa = PBXContainerItemProxy;
			containerPortal = E2B72371204D1F5E00BD972F /* Project object */;
			proxyType = 1;
			remoteGlobalIDString = E2B72378204D1F5E00BD972F;
			remoteInfo = liveSample;
		};
		E2B7239D204D1F5F00BD972F /* PBXContainerItemProxy */ = {
			isa = PBXContainerItemProxy;
			containerPortal = E2B72371204D1F5E00BD972F /* Project object */;
			proxyType = 1;
			remoteGlobalIDString = E2B72378204D1F5E00BD972F;
			remoteInfo = liveSample;
		};
/* End PBXContainerItemProxy section */

/* Begin PBXFileReference section */
		1D034CB5026CC715C94DA9C2 /* Pods-liveSample.release.xcconfig */ = {isa = PBXFileReference; includeInIndex = 1; lastKnownFileType = text.xcconfig; name = "Pods-liveSample.release.xcconfig"; path = "Pods/Target Support Files/Pods-liveSample/Pods-liveSample.release.xcconfig"; sourceTree = "<group>"; };
		28018CF8204EC8FF00289238 /* StretchingableNavViewController.h */ = {isa = PBXFileReference; lastKnownFileType = sourcecode.c.h; path = StretchingableNavViewController.h; sourceTree = "<group>"; };
		28018CF9204EC8FF00289238 /* StretchingableNavViewController.m */ = {isa = PBXFileReference; lastKnownFileType = sourcecode.c.objc; path = StretchingableNavViewController.m; sourceTree = "<group>"; };
		28018CFB204ECEE000289238 /* StretchingNavBar.h */ = {isa = PBXFileReference; lastKnownFileType = sourcecode.c.h; path = StretchingNavBar.h; sourceTree = "<group>"; };
		28018CFC204ECEE000289238 /* StretchingNavBar.m */ = {isa = PBXFileReference; lastKnownFileType = sourcecode.c.objc; path = StretchingNavBar.m; sourceTree = "<group>"; };
		281233E12066917600DA323D /* TMPlayerbackControl.h */ = {isa = PBXFileReference; lastKnownFileType = sourcecode.c.h; path = TMPlayerbackControl.h; sourceTree = "<group>"; };
		281233E22066917600DA323D /* TMPlayerbackControl.m */ = {isa = PBXFileReference; lastKnownFileType = sourcecode.c.objc; path = TMPlayerbackControl.m; sourceTree = "<group>"; };
		281233E4206691A600DA323D /* TMVideoSlider.h */ = {isa = PBXFileReference; lastKnownFileType = sourcecode.c.h; path = TMVideoSlider.h; sourceTree = "<group>"; };
		281233E5206691A600DA323D /* TMVideoSlider.m */ = {isa = PBXFileReference; lastKnownFileType = sourcecode.c.objc; path = TMVideoSlider.m; sourceTree = "<group>"; };
		281233E82067859D00DA323D /* UIViewController+PlayerRotation.h */ = {isa = PBXFileReference; lastKnownFileType = sourcecode.c.h; path = "UIViewController+PlayerRotation.h"; sourceTree = "<group>"; };
		281233E92067859D00DA323D /* UIViewController+PlayerRotation.m */ = {isa = PBXFileReference; lastKnownFileType = sourcecode.c.objc; path = "UIViewController+PlayerRotation.m"; sourceTree = "<group>"; };
		285E31312058225B00E39916 /* StatisticModel.h */ = {isa = PBXFileReference; lastKnownFileType = sourcecode.c.h; path = StatisticModel.h; sourceTree = "<group>"; };
		285E31322058225B00E39916 /* StatisticModel.m */ = {isa = PBXFileReference; lastKnownFileType = sourcecode.c.objc; path = StatisticModel.m; sourceTree = "<group>"; };
		288B40692052F62B005B9C38 /* transNBA.json */ = {isa = PBXFileReference; fileEncoding = 4; lastKnownFileType = text.json; path = transNBA.json; sourceTree = "<group>"; };
		9461FFC93CC8578BADE4424F /* Pods-liveSample.debug.xcconfig */ = {isa = PBXFileReference; includeInIndex = 1; lastKnownFileType = text.xcconfig; name = "Pods-liveSample.debug.xcconfig"; path = "Pods/Target Support Files/Pods-liveSample/Pods-liveSample.debug.xcconfig"; sourceTree = "<group>"; };
		E20D411C2052359F00BA5C76 /* PointIconView.h */ = {isa = PBXFileReference; lastKnownFileType = sourcecode.c.h; path = PointIconView.h; sourceTree = "<group>"; };
		E20D411D2052359F00BA5C76 /* PointIconView.m */ = {isa = PBXFileReference; lastKnownFileType = sourcecode.c.objc; path = PointIconView.m; sourceTree = "<group>"; };
		E20D411F2052610400BA5C76 /* TeamIconView.h */ = {isa = PBXFileReference; lastKnownFileType = sourcecode.c.h; path = TeamIconView.h; sourceTree = "<group>"; };
		E20D41202052610400BA5C76 /* TeamIconView.m */ = {isa = PBXFileReference; lastKnownFileType = sourcecode.c.objc; path = TeamIconView.m; sourceTree = "<group>"; };
		E2128D34205A586700823F3B /* moreData.png */ = {isa = PBXFileReference; lastKnownFileType = image.png; path = moreData.png; sourceTree = "<group>"; };
		E243C174204F8D3F00818967 /* RaceStateModel.h */ = {isa = PBXFileReference; lastKnownFileType = sourcecode.c.h; path = RaceStateModel.h; sourceTree = "<group>"; };
		E243C175204F8D3F00818967 /* RaceStateModel.m */ = {isa = PBXFileReference; lastKnownFileType = sourcecode.c.objc; path = RaceStateModel.m; sourceTree = "<group>"; };
		E243C179204FCE3600818967 /* TeamStatisticCell.h */ = {isa = PBXFileReference; lastKnownFileType = sourcecode.c.h; path = TeamStatisticCell.h; sourceTree = "<group>"; };
		E243C17A204FCE3600818967 /* TeamStatisticCell.m */ = {isa = PBXFileReference; lastKnownFileType = sourcecode.c.objc; path = TeamStatisticCell.m; sourceTree = "<group>"; };
		E243C17C204FCE5000818967 /* PlayerStatisticCell.h */ = {isa = PBXFileReference; lastKnownFileType = sourcecode.c.h; path = PlayerStatisticCell.h; sourceTree = "<group>"; };
		E243C17D204FCE5000818967 /* PlayerStatisticCell.m */ = {isa = PBXFileReference; lastKnownFileType = sourcecode.c.objc; path = PlayerStatisticCell.m; sourceTree = "<group>"; };
		E243C17F204FCE7300818967 /* PointStatisticCell.h */ = {isa = PBXFileReference; lastKnownFileType = sourcecode.c.h; path = PointStatisticCell.h; sourceTree = "<group>"; };
		E243C180204FCE7400818967 /* PointStatisticCell.m */ = {isa = PBXFileReference; lastKnownFileType = sourcecode.c.objc; path = PointStatisticCell.m; sourceTree = "<group>"; };
		E243C183204FE20900818967 /* teamInfo.json */ = {isa = PBXFileReference; fileEncoding = 4; lastKnownFileType = text.json; path = teamInfo.json; sourceTree = "<group>"; };
		E243C185205113C900818967 /* RaceStatisticCCell.h */ = {isa = PBXFileReference; lastKnownFileType = sourcecode.c.h; path = RaceStatisticCCell.h; sourceTree = "<group>"; };
		E243C186205113C900818967 /* RaceStatisticCCell.m */ = {isa = PBXFileReference; lastKnownFileType = sourcecode.c.objc; path = RaceStatisticCCell.m; sourceTree = "<group>"; };
		E243C1912051387D00818967 /* gameInfo.json */ = {isa = PBXFileReference; fileEncoding = 4; lastKnownFileType = text.json; path = gameInfo.json; sourceTree = "<group>"; };
		E248B6832057A4AE006D551B /* TMCurtainView.h */ = {isa = PBXFileReference; lastKnownFileType = sourcecode.c.h; path = TMCurtainView.h; sourceTree = "<group>"; };
		E248B6842057A4AE006D551B /* TMCurtainView.m */ = {isa = PBXFileReference; lastKnownFileType = sourcecode.c.objc; path = TMCurtainView.m; sourceTree = "<group>"; };
		E24D86252060A73B004666F5 /* TMPlayViewController.h */ = {isa = PBXFileReference; lastKnownFileType = sourcecode.c.h; path = TMPlayViewController.h; sourceTree = "<group>"; };
		E24D86262060A73B004666F5 /* TMPlayViewController.m */ = {isa = PBXFileReference; lastKnownFileType = sourcecode.c.objc; path = TMPlayViewController.m; sourceTree = "<group>"; };
		E24D8A732060EA17004666F5 /* playerURL.json */ = {isa = PBXFileReference; fileEncoding = 4; lastKnownFileType = text.json; path = playerURL.json; sourceTree = "<group>"; };
		E26561EF205BC40900BF08DA /* SpeechGetViewController.h */ = {isa = PBXFileReference; lastKnownFileType = sourcecode.c.h; path = SpeechGetViewController.h; sourceTree = "<group>"; };
		E26561F0205BC40900BF08DA /* SpeechGetViewController.m */ = {isa = PBXFileReference; lastKnownFileType = sourcecode.c.objc; path = SpeechGetViewController.m; sourceTree = "<group>"; };
		E2710F7B20634FFB00A1E96C /* TMIconImageView.h */ = {isa = PBXFileReference; fileEncoding = 4; lastKnownFileType = sourcecode.c.h; path = TMIconImageView.h; sourceTree = "<group>"; };
		E2710F7C20634FFB00A1E96C /* TMIconImageView.m */ = {isa = PBXFileReference; fileEncoding = 4; lastKnownFileType = sourcecode.c.objc; path = TMIconImageView.m; sourceTree = "<group>"; };
		E2710F7E20637F4300A1E96C /* SelVideoPlayer.gif */ = {isa = PBXFileReference; lastKnownFileType = image.gif; path = SelVideoPlayer.gif; sourceTree = "<group>"; };
		E2710F80206389E700A1E96C /* minion_02.mp4 */ = {isa = PBXFileReference; lastKnownFileType = file; path = minion_02.mp4; sourceTree = "<group>"; };
		E2B72379204D1F5F00BD972F /* liveSample.app */ = {isa = PBXFileReference; explicitFileType = wrapper.application; includeInIndex = 0; path = liveSample.app; sourceTree = BUILT_PRODUCTS_DIR; };
		E2B7237C204D1F5F00BD972F /* AppDelegate.h */ = {isa = PBXFileReference; lastKnownFileType = sourcecode.c.h; path = AppDelegate.h; sourceTree = "<group>"; };
		E2B7237D204D1F5F00BD972F /* AppDelegate.m */ = {isa = PBXFileReference; lastKnownFileType = sourcecode.c.objc; path = AppDelegate.m; sourceTree = "<group>"; };
		E2B7237F204D1F5F00BD972F /* ViewController.h */ = {isa = PBXFileReference; lastKnownFileType = sourcecode.c.h; path = ViewController.h; sourceTree = "<group>"; };
		E2B72380204D1F5F00BD972F /* ViewController.m */ = {isa = PBXFileReference; lastKnownFileType = sourcecode.c.objc; path = ViewController.m; sourceTree = "<group>"; };
		E2B72383204D1F5F00BD972F /* Base */ = {isa = PBXFileReference; lastKnownFileType = file.storyboard; name = Base; path = Base.lproj/Main.storyboard; sourceTree = "<group>"; };
		E2B72385204D1F5F00BD972F /* Assets.xcassets */ = {isa = PBXFileReference; lastKnownFileType = folder.assetcatalog; path = Assets.xcassets; sourceTree = "<group>"; };
		E2B72388204D1F5F00BD972F /* Base */ = {isa = PBXFileReference; lastKnownFileType = file.storyboard; name = Base; path = Base.lproj/LaunchScreen.storyboard; sourceTree = "<group>"; };
		E2B7238A204D1F5F00BD972F /* Info.plist */ = {isa = PBXFileReference; lastKnownFileType = text.plist.xml; path = Info.plist; sourceTree = "<group>"; };
		E2B7238B204D1F5F00BD972F /* main.m */ = {isa = PBXFileReference; lastKnownFileType = sourcecode.c.objc; path = main.m; sourceTree = "<group>"; };
		E2B72391204D1F5F00BD972F /* liveSampleTests.xctest */ = {isa = PBXFileReference; explicitFileType = wrapper.cfbundle; includeInIndex = 0; path = liveSampleTests.xctest; sourceTree = BUILT_PRODUCTS_DIR; };
		E2B72395204D1F5F00BD972F /* liveSampleTests.m */ = {isa = PBXFileReference; lastKnownFileType = sourcecode.c.objc; path = liveSampleTests.m; sourceTree = "<group>"; };
		E2B72397204D1F5F00BD972F /* Info.plist */ = {isa = PBXFileReference; lastKnownFileType = text.plist.xml; path = Info.plist; sourceTree = "<group>"; };
		E2B7239C204D1F5F00BD972F /* liveSampleUITests.xctest */ = {isa = PBXFileReference; explicitFileType = wrapper.cfbundle; includeInIndex = 0; path = liveSampleUITests.xctest; sourceTree = BUILT_PRODUCTS_DIR; };
		E2B723A0204D1F5F00BD972F /* liveSampleUITests.m */ = {isa = PBXFileReference; lastKnownFileType = sourcecode.c.objc; path = liveSampleUITests.m; sourceTree = "<group>"; };
		E2B723A2204D1F5F00BD972F /* Info.plist */ = {isa = PBXFileReference; lastKnownFileType = text.plist.xml; path = Info.plist; sourceTree = "<group>"; };
		E2B723AE204D20E900BD972F /* RaceStateCell.h */ = {isa = PBXFileReference; lastKnownFileType = sourcecode.c.h; path = RaceStateCell.h; sourceTree = "<group>"; };
		E2B723AF204D20E900BD972F /* RaceStateCell.m */ = {isa = PBXFileReference; lastKnownFileType = sourcecode.c.objc; path = RaceStateCell.m; sourceTree = "<group>"; };
		E2C284C9204E9AC700FD3823 /* RaceStateViewController.h */ = {isa = PBXFileReference; lastKnownFileType = sourcecode.c.h; path = RaceStateViewController.h; sourceTree = "<group>"; };
		E2C284CA204E9AC700FD3823 /* RaceStateViewController.m */ = {isa = PBXFileReference; lastKnownFileType = sourcecode.c.objc; path = RaceStateViewController.m; sourceTree = "<group>"; };
		E2C5FB182064DE41008B9EA2 /* TMVideoPlayer.h */ = {isa = PBXFileReference; lastKnownFileType = sourcecode.c.h; path = TMVideoPlayer.h; sourceTree = "<group>"; };
		E2C5FB192064DE41008B9EA2 /* TMVideoPlayer.m */ = {isa = PBXFileReference; lastKnownFileType = sourcecode.c.objc; path = TMVideoPlayer.m; sourceTree = "<group>"; };
		E2C5FB1B2064DE90008B9EA2 /* TMPlayerConfiguration.h */ = {isa = PBXFileReference; lastKnownFileType = sourcecode.c.h; path = TMPlayerConfiguration.h; sourceTree = "<group>"; };
		E2C5FB1C2064DE90008B9EA2 /* TMPlayerConfiguration.m */ = {isa = PBXFileReference; lastKnownFileType = sourcecode.c.objc; path = TMPlayerConfiguration.m; sourceTree = "<group>"; };
		E2DCB0962058FBEE002EDBCD /* TeamStatisticLine.h */ = {isa = PBXFileReference; lastKnownFileType = sourcecode.c.h; path = TeamStatisticLine.h; sourceTree = "<group>"; };
		E2DCB0972058FBEE002EDBCD /* TeamStatisticLine.m */ = {isa = PBXFileReference; lastKnownFileType = sourcecode.c.objc; path = TeamStatisticLine.m; sourceTree = "<group>"; };
		F53422EC858D5C33E5668F6B /* libPods-liveSample.a */ = {isa = PBXFileReference; explicitFileType = archive.ar; includeInIndex = 0; path = "libPods-liveSample.a"; sourceTree = BUILT_PRODUCTS_DIR; };
/* End PBXFileReference section */

/* Begin PBXFrameworksBuildPhase section */
		E2B72376204D1F5E00BD972F /* Frameworks */ = {
			isa = PBXFrameworksBuildPhase;
			buildActionMask = 2147483647;
			files = (
				090E73BA979576EF5F7BAF3F /* libPods-liveSample.a in Frameworks */,
			);
			runOnlyForDeploymentPostprocessing = 0;
		};
		E2B7238E204D1F5F00BD972F /* Frameworks */ = {
			isa = PBXFrameworksBuildPhase;
			buildActionMask = 2147483647;
			files = (
			);
			runOnlyForDeploymentPostprocessing = 0;
		};
		E2B72399204D1F5F00BD972F /* Frameworks */ = {
			isa = PBXFrameworksBuildPhase;
			buildActionMask = 2147483647;
			files = (
			);
			runOnlyForDeploymentPostprocessing = 0;
		};
/* End PBXFrameworksBuildPhase section */

/* Begin PBXGroup section */
		28018CF7204EC8A800289238 /* 可拉伸导航栏 */ = {
			isa = PBXGroup;
			children = (
				28018CF8204EC8FF00289238 /* StretchingableNavViewController.h */,
				28018CF9204EC8FF00289238 /* StretchingableNavViewController.m */,
				28018CFB204ECEE000289238 /* StretchingNavBar.h */,
				28018CFC204ECEE000289238 /* StretchingNavBar.m */,
			);
			path = "可拉伸导航栏";
			sourceTree = "<group>";
		};
		281233E72067856400DA323D /* Category */ = {
			isa = PBXGroup;
			children = (
				281233E82067859D00DA323D /* UIViewController+PlayerRotation.h */,
				281233E92067859D00DA323D /* UIViewController+PlayerRotation.m */,
			);
			path = Category;
			sourceTree = "<group>";
		};
		285E312F2058215700E39916 /* fakeData */ = {
			isa = PBXGroup;
			children = (
				E243C183204FE20900818967 /* teamInfo.json */,
				288B40692052F62B005B9C38 /* transNBA.json */,
				E243C1912051387D00818967 /* gameInfo.json */,
			);
			path = fakeData;
			sourceTree = "<group>";
		};
		285E31302058218800E39916 /* main */ = {
			isa = PBXGroup;
			children = (
				E2B723AE204D20E900BD972F /* RaceStateCell.h */,
				E2B723AF204D20E900BD972F /* RaceStateCell.m */,
				E2C284C9204E9AC700FD3823 /* RaceStateViewController.h */,
				E2C284CA204E9AC700FD3823 /* RaceStateViewController.m */,
				E248B6832057A4AE006D551B /* TMCurtainView.h */,
				E248B6842057A4AE006D551B /* TMCurtainView.m */,
			);
			path = main;
			sourceTree = "<group>";
		};
		7F8D75681700132606F514C1 /* Pods */ = {
			isa = PBXGroup;
			children = (
				9461FFC93CC8578BADE4424F /* Pods-liveSample.debug.xcconfig */,
				1D034CB5026CC715C94DA9C2 /* Pods-liveSample.release.xcconfig */,
			);
			name = Pods;
			sourceTree = "<group>";
		};
		90CC92890EA66F4F6C0D60AE /* Frameworks */ = {
			isa = PBXGroup;
			children = (
				F53422EC858D5C33E5668F6B /* libPods-liveSample.a */,
			);
			name = Frameworks;
			sourceTree = "<group>";
		};
		E2128D36205A587200823F3B /* img */ = {
			isa = PBXGroup;
			children = (
				E2128D34205A586700823F3B /* moreData.png */,
			);
			path = img;
			sourceTree = "<group>";
		};
		E243C182204FCFB700818967 /* model */ = {
			isa = PBXGroup;
			children = (
				E243C174204F8D3F00818967 /* RaceStateModel.h */,
				E243C175204F8D3F00818967 /* RaceStateModel.m */,
				285E31312058225B00E39916 /* StatisticModel.h */,
				285E31322058225B00E39916 /* StatisticModel.m */,
			);
			path = model;
			sourceTree = "<group>";
		};
		E243C1882051187D00818967 /* view */ = {
			isa = PBXGroup;
			children = (
				E243C185205113C900818967 /* RaceStatisticCCell.h */,
				E243C186205113C900818967 /* RaceStatisticCCell.m */,
				E243C1892051189600818967 /* point */,
				E243C18A205118A600818967 /* team */,
				E243C18B205118B400818967 /* player */,
			);
			path = view;
			sourceTree = "<group>";
		};
		E243C1892051189600818967 /* point */ = {
			isa = PBXGroup;
			children = (
				E243C17F204FCE7300818967 /* PointStatisticCell.h */,
				E243C180204FCE7400818967 /* PointStatisticCell.m */,
				E20D411C2052359F00BA5C76 /* PointIconView.h */,
				E20D411D2052359F00BA5C76 /* PointIconView.m */,
			);
			path = point;
			sourceTree = "<group>";
		};
		E243C18A205118A600818967 /* team */ = {
			isa = PBXGroup;
			children = (
				E243C179204FCE3600818967 /* TeamStatisticCell.h */,
				E243C17A204FCE3600818967 /* TeamStatisticCell.m */,
				E20D411F2052610400BA5C76 /* TeamIconView.h */,
				E20D41202052610400BA5C76 /* TeamIconView.m */,
				E2DCB0962058FBEE002EDBCD /* TeamStatisticLine.h */,
				E2DCB0972058FBEE002EDBCD /* TeamStatisticLine.m */,
			);
			path = team;
			sourceTree = "<group>";
		};
		E243C18B205118B400818967 /* player */ = {
			isa = PBXGroup;
			children = (
				E243C17C204FCE5000818967 /* PlayerStatisticCell.h */,
				E243C17D204FCE5000818967 /* PlayerStatisticCell.m */,
			);
			path = player;
			sourceTree = "<group>";
		};
		E24D86242060A711004666F5 /* 播放器 */ = {
			isa = PBXGroup;
			children = (
				281233E72067856400DA323D /* Category */,
				E2C5FB1F2064F8E0008B9EA2 /* 播放器 */,
				E2C5FB1E2064DE96008B9EA2 /* conf */,
				E24D8A722060EA17004666F5 /* fakeData */,
				E24D86252060A73B004666F5 /* TMPlayViewController.h */,
				E24D86262060A73B004666F5 /* TMPlayViewController.m */,
				E2710F7B20634FFB00A1E96C /* TMIconImageView.h */,
				E2710F7C20634FFB00A1E96C /* TMIconImageView.m */,
			);
			path = "播放器";
			sourceTree = "<group>";
		};
		E24D8A722060EA17004666F5 /* fakeData */ = {
			isa = PBXGroup;
			children = (
				E2710F7E20637F4300A1E96C /* SelVideoPlayer.gif */,
				E2710F80206389E700A1E96C /* minion_02.mp4 */,
				E24D8A732060EA17004666F5 /* playerURL.json */,
			);
			path = fakeData;
			sourceTree = "<group>";
		};
		E26561EE205BC3DE00BF08DA /* 语音识别 */ = {
			isa = PBXGroup;
			children = (
				E26561EF205BC40900BF08DA /* SpeechGetViewController.h */,
				E26561F0205BC40900BF08DA /* SpeechGetViewController.m */,
			);
			path = "语音识别";
			sourceTree = "<group>";
		};
		E2B72370204D1F5E00BD972F = {
			isa = PBXGroup;
			children = (
				E2B7237B204D1F5F00BD972F /* liveSample */,
				E2B72394204D1F5F00BD972F /* liveSampleTests */,
				E2B7239F204D1F5F00BD972F /* liveSampleUITests */,
				E2B7237A204D1F5F00BD972F /* Products */,
				7F8D75681700132606F514C1 /* Pods */,
				90CC92890EA66F4F6C0D60AE /* Frameworks */,
			);
			sourceTree = "<group>";
		};
		E2B7237A204D1F5F00BD972F /* Products */ = {
			isa = PBXGroup;
			children = (
				E2B72379204D1F5F00BD972F /* liveSample.app */,
				E2B72391204D1F5F00BD972F /* liveSampleTests.xctest */,
				E2B7239C204D1F5F00BD972F /* liveSampleUITests.xctest */,
			);
			name = Products;
			sourceTree = "<group>";
		};
		E2B7237B204D1F5F00BD972F /* liveSample */ = {
			isa = PBXGroup;
			children = (
				E24D86242060A711004666F5 /* 播放器 */,
				E2B7237C204D1F5F00BD972F /* AppDelegate.h */,
				E2B7237D204D1F5F00BD972F /* AppDelegate.m */,
				E2B7237F204D1F5F00BD972F /* ViewController.h */,
				E2B72380204D1F5F00BD972F /* ViewController.m */,
				E26561EE205BC3DE00BF08DA /* 语音识别 */,
				28018CF7204EC8A800289238 /* 可拉伸导航栏 */,
				E2C284C8204E9A5B00FD3823 /* cell布局显示collectionView数据 */,
				E2B72382204D1F5F00BD972F /* Main.storyboard */,
				E2B72385204D1F5F00BD972F /* Assets.xcassets */,
				E2B72387204D1F5F00BD972F /* LaunchScreen.storyboard */,
				E2B7238A204D1F5F00BD972F /* Info.plist */,
				E2B7238B204D1F5F00BD972F /* main.m */,
			);
			path = liveSample;
			sourceTree = "<group>";
		};
		E2B72394204D1F5F00BD972F /* liveSampleTests */ = {
			isa = PBXGroup;
			children = (
				E2B72395204D1F5F00BD972F /* liveSampleTests.m */,
				E2B72397204D1F5F00BD972F /* Info.plist */,
			);
			path = liveSampleTests;
			sourceTree = "<group>";
		};
		E2B7239F204D1F5F00BD972F /* liveSampleUITests */ = {
			isa = PBXGroup;
			children = (
				E2B723A0204D1F5F00BD972F /* liveSampleUITests.m */,
				E2B723A2204D1F5F00BD972F /* Info.plist */,
			);
			path = liveSampleUITests;
			sourceTree = "<group>";
		};
		E2C284C8204E9A5B00FD3823 /* cell布局显示collectionView数据 */ = {
			isa = PBXGroup;
			children = (
				E2128D36205A587200823F3B /* img */,
				285E31302058218800E39916 /* main */,
				285E312F2058215700E39916 /* fakeData */,
				E243C1882051187D00818967 /* view */,
				E243C182204FCFB700818967 /* model */,
			);
			path = "cell布局显示collectionView数据";
			sourceTree = "<group>";
		};
		E2C5FB1E2064DE96008B9EA2 /* conf */ = {
			isa = PBXGroup;
			children = (
				E2C5FB1B2064DE90008B9EA2 /* TMPlayerConfiguration.h */,
				E2C5FB1C2064DE90008B9EA2 /* TMPlayerConfiguration.m */,
			);
			path = conf;
			sourceTree = "<group>";
		};
		E2C5FB1F2064F8E0008B9EA2 /* 播放器 */ = {
			isa = PBXGroup;
			children = (
				E2C5FB182064DE41008B9EA2 /* TMVideoPlayer.h */,
				E2C5FB192064DE41008B9EA2 /* TMVideoPlayer.m */,
				281233E12066917600DA323D /* TMPlayerbackControl.h */,
				281233E22066917600DA323D /* TMPlayerbackControl.m */,
				281233E4206691A600DA323D /* TMVideoSlider.h */,
				281233E5206691A600DA323D /* TMVideoSlider.m */,
			);
			path = "播放器";
			sourceTree = "<group>";
		};
/* End PBXGroup section */

/* Begin PBXNativeTarget section */
		E2B72378204D1F5E00BD972F /* liveSample */ = {
			isa = PBXNativeTarget;
			buildConfigurationList = E2B723A5204D1F5F00BD972F /* Build configuration list for PBXNativeTarget "liveSample" */;
			buildPhases = (
				A231B819AF64BEBA7E508EE7 /* [CP] Check Pods Manifest.lock */,
				E2B72375204D1F5E00BD972F /* Sources */,
				E2B72376204D1F5E00BD972F /* Frameworks */,
				E2B72377204D1F5E00BD972F /* Resources */,
				B798224A31A1BF6897168929 /* [CP] Embed Pods Frameworks */,
				DFEB7C6F89BEA962515BA5FB /* [CP] Copy Pods Resources */,
			);
			buildRules = (
			);
			dependencies = (
			);
			name = liveSample;
			productName = liveSample;
			productReference = E2B72379204D1F5F00BD972F /* liveSample.app */;
			productType = "com.apple.product-type.application";
		};
		E2B72390204D1F5F00BD972F /* liveSampleTests */ = {
			isa = PBXNativeTarget;
			buildConfigurationList = E2B723A8204D1F5F00BD972F /* Build configuration list for PBXNativeTarget "liveSampleTests" */;
			buildPhases = (
				E2B7238D204D1F5F00BD972F /* Sources */,
				E2B7238E204D1F5F00BD972F /* Frameworks */,
				E2B7238F204D1F5F00BD972F /* Resources */,
			);
			buildRules = (
			);
			dependencies = (
				E2B72393204D1F5F00BD972F /* PBXTargetDependency */,
			);
			name = liveSampleTests;
			productName = liveSampleTests;
			productReference = E2B72391204D1F5F00BD972F /* liveSampleTests.xctest */;
			productType = "com.apple.product-type.bundle.unit-test";
		};
		E2B7239B204D1F5F00BD972F /* liveSampleUITests */ = {
			isa = PBXNativeTarget;
			buildConfigurationList = E2B723AB204D1F5F00BD972F /* Build configuration list for PBXNativeTarget "liveSampleUITests" */;
			buildPhases = (
				E2B72398204D1F5F00BD972F /* Sources */,
				E2B72399204D1F5F00BD972F /* Frameworks */,
				E2B7239A204D1F5F00BD972F /* Resources */,
			);
			buildRules = (
			);
			dependencies = (
				E2B7239E204D1F5F00BD972F /* PBXTargetDependency */,
			);
			name = liveSampleUITests;
			productName = liveSampleUITests;
			productReference = E2B7239C204D1F5F00BD972F /* liveSampleUITests.xctest */;
			productType = "com.apple.product-type.bundle.ui-testing";
		};
/* End PBXNativeTarget section */

/* Begin PBXProject section */
		E2B72371204D1F5E00BD972F /* Project object */ = {
			isa = PBXProject;
			attributes = {
				LastUpgradeCheck = 0920;
				ORGANIZATIONNAME = Tom;
				TargetAttributes = {
					E2B72378204D1F5E00BD972F = {
						CreatedOnToolsVersion = 9.2;
						ProvisioningStyle = Automatic;
					};
					E2B72390204D1F5F00BD972F = {
						CreatedOnToolsVersion = 9.2;
						ProvisioningStyle = Automatic;
						TestTargetID = E2B72378204D1F5E00BD972F;
					};
					E2B7239B204D1F5F00BD972F = {
						CreatedOnToolsVersion = 9.2;
						ProvisioningStyle = Automatic;
						TestTargetID = E2B72378204D1F5E00BD972F;
					};
				};
			};
			buildConfigurationList = E2B72374204D1F5E00BD972F /* Build configuration list for PBXProject "liveSample" */;
			compatibilityVersion = "Xcode 8.0";
			developmentRegion = en;
			hasScannedForEncodings = 0;
			knownRegions = (
				en,
				Base,
			);
			mainGroup = E2B72370204D1F5E00BD972F;
			productRefGroup = E2B7237A204D1F5F00BD972F /* Products */;
			projectDirPath = "";
			projectRoot = "";
			targets = (
				E2B72378204D1F5E00BD972F /* liveSample */,
				E2B72390204D1F5F00BD972F /* liveSampleTests */,
				E2B7239B204D1F5F00BD972F /* liveSampleUITests */,
			);
		};
/* End PBXProject section */

/* Begin PBXResourcesBuildPhase section */
		E2B72377204D1F5E00BD972F /* Resources */ = {
			isa = PBXResourcesBuildPhase;
			buildActionMask = 2147483647;
			files = (
				E2B72389204D1F5F00BD972F /* LaunchScreen.storyboard in Resources */,
				E243C1922051387E00818967 /* gameInfo.json in Resources */,
				E2128D35205A586700823F3B /* moreData.png in Resources */,
				288B406A2052F62B005B9C38 /* transNBA.json in Resources */,
				E2B72386204D1F5F00BD972F /* Assets.xcassets in Resources */,
				E2710F81206389E700A1E96C /* minion_02.mp4 in Resources */,
				E2710F7F20637F4300A1E96C /* SelVideoPlayer.gif in Resources */,
				E2B72384204D1F5F00BD972F /* Main.storyboard in Resources */,
				E24D8A742060EA18004666F5 /* playerURL.json in Resources */,
				E243C184204FE20A00818967 /* teamInfo.json in Resources */,
			);
			runOnlyForDeploymentPostprocessing = 0;
		};
		E2B7238F204D1F5F00BD972F /* Resources */ = {
			isa = PBXResourcesBuildPhase;
			buildActionMask = 2147483647;
			files = (
			);
			runOnlyForDeploymentPostprocessing = 0;
		};
		E2B7239A204D1F5F00BD972F /* Resources */ = {
			isa = PBXResourcesBuildPhase;
			buildActionMask = 2147483647;
			files = (
			);
			runOnlyForDeploymentPostprocessing = 0;
		};
/* End PBXResourcesBuildPhase section */

/* Begin PBXShellScriptBuildPhase section */
		A231B819AF64BEBA7E508EE7 /* [CP] Check Pods Manifest.lock */ = {
			isa = PBXShellScriptBuildPhase;
			buildActionMask = 2147483647;
			files = (
			);
			inputPaths = (
				"${PODS_PODFILE_DIR_PATH}/Podfile.lock",
				"${PODS_ROOT}/Manifest.lock",
			);
			name = "[CP] Check Pods Manifest.lock";
			outputPaths = (
				"$(DERIVED_FILE_DIR)/Pods-liveSample-checkManifestLockResult.txt",
			);
			runOnlyForDeploymentPostprocessing = 0;
			shellPath = /bin/sh;
			shellScript = "diff \"${PODS_PODFILE_DIR_PATH}/Podfile.lock\" \"${PODS_ROOT}/Manifest.lock\" > /dev/null\nif [ $? != 0 ] ; then\n    # print error to STDERR\n    echo \"error: The sandbox is not in sync with the Podfile.lock. Run 'pod install' or update your CocoaPods installation.\" >&2\n    exit 1\nfi\n# This output is used by Xcode 'outputs' to avoid re-running this script phase.\necho \"SUCCESS\" > \"${SCRIPT_OUTPUT_FILE_0}\"\n";
			showEnvVarsInLog = 0;
		};
		B798224A31A1BF6897168929 /* [CP] Embed Pods Frameworks */ = {
			isa = PBXShellScriptBuildPhase;
			buildActionMask = 2147483647;
			files = (
			);
			inputPaths = (
			);
			name = "[CP] Embed Pods Frameworks";
			outputPaths = (
			);
			runOnlyForDeploymentPostprocessing = 0;
			shellPath = /bin/sh;
			shellScript = "\"${SRCROOT}/Pods/Target Support Files/Pods-liveSample/Pods-liveSample-frameworks.sh\"\n";
			showEnvVarsInLog = 0;
		};
		DFEB7C6F89BEA962515BA5FB /* [CP] Copy Pods Resources */ = {
			isa = PBXShellScriptBuildPhase;
			buildActionMask = 2147483647;
			files = (
			);
			inputPaths = (
			);
			name = "[CP] Copy Pods Resources";
			outputPaths = (
			);
			runOnlyForDeploymentPostprocessing = 0;
			shellPath = /bin/sh;
			shellScript = "\"${SRCROOT}/Pods/Target Support Files/Pods-liveSample/Pods-liveSample-resources.sh\"\n";
			showEnvVarsInLog = 0;
		};
/* End PBXShellScriptBuildPhase section */

/* Begin PBXSourcesBuildPhase section */
		E2B72375204D1F5E00BD972F /* Sources */ = {
			isa = PBXSourcesBuildPhase;
			buildActionMask = 2147483647;
			files = (
				E243C176204F8D3F00818967 /* RaceStateModel.m in Sources */,
				E2B72381204D1F5F00BD972F /* ViewController.m in Sources */,
				E2C5FB1D2064DE90008B9EA2 /* TMPlayerConfiguration.m in Sources */,
				E20D41212052610400BA5C76 /* TeamIconView.m in Sources */,
				281233E32066917600DA323D /* TMPlayerbackControl.m in Sources */,
				281233E6206691A600DA323D /* TMVideoSlider.m in Sources */,
				E2B7238C204D1F5F00BD972F /* main.m in Sources */,
				285E31332058225B00E39916 /* StatisticModel.m in Sources */,
				E2DCB0982058FBEE002EDBCD /* TeamStatisticLine.m in Sources */,
				E243C17B204FCE3600818967 /* TeamStatisticCell.m in Sources */,
				281233EA2067859D00DA323D /* UIViewController+PlayerRotation.m in Sources */,
				E26561F1205BC40900BF08DA /* SpeechGetViewController.m in Sources */,
				E243C181204FCE7400818967 /* PointStatisticCell.m in Sources */,
				E243C187205113C900818967 /* RaceStatisticCCell.m in Sources */,
				E2B723B0204D20E900BD972F /* RaceStateCell.m in Sources */,
				E20D411E2052359F00BA5C76 /* PointIconView.m in Sources */,
				E2710F7D20634FFB00A1E96C /* TMIconImageView.m in Sources */,
				28018CFD204ECEE000289238 /* StretchingNavBar.m in Sources */,
				E2B7237E204D1F5F00BD972F /* AppDelegate.m in Sources */,
				E248B6852057A4AE006D551B /* TMCurtainView.m in Sources */,
				E243C17E204FCE5000818967 /* PlayerStatisticCell.m in Sources */,
				E2C5FB1A2064DE41008B9EA2 /* TMVideoPlayer.m in Sources */,
				E24D86272060A73B004666F5 /* TMPlayViewController.m in Sources */,
				E2C284CB204E9AC700FD3823 /* RaceStateViewController.m in Sources */,
				28018CFA204EC8FF00289238 /* StretchingableNavViewController.m in Sources */,
			);
			runOnlyForDeploymentPostprocessing = 0;
		};
		E2B7238D204D1F5F00BD972F /* Sources */ = {
			isa = PBXSourcesBuildPhase;
			buildActionMask = 2147483647;
			files = (
				E2B72396204D1F5F00BD972F /* liveSampleTests.m in Sources */,
			);
			runOnlyForDeploymentPostprocessing = 0;
		};
		E2B72398204D1F5F00BD972F /* Sources */ = {
			isa = PBXSourcesBuildPhase;
			buildActionMask = 2147483647;
			files = (
				E2B723A1204D1F5F00BD972F /* liveSampleUITests.m in Sources */,
			);
			runOnlyForDeploymentPostprocessing = 0;
		};
/* End PBXSourcesBuildPhase section */

/* Begin PBXTargetDependency section */
		E2B72393204D1F5F00BD972F /* PBXTargetDependency */ = {
			isa = PBXTargetDependency;
			target = E2B72378204D1F5E00BD972F /* liveSample */;
			targetProxy = E2B72392204D1F5F00BD972F /* PBXContainerItemProxy */;
		};
		E2B7239E204D1F5F00BD972F /* PBXTargetDependency */ = {
			isa = PBXTargetDependency;
			target = E2B72378204D1F5E00BD972F /* liveSample */;
			targetProxy = E2B7239D204D1F5F00BD972F /* PBXContainerItemProxy */;
		};
/* End PBXTargetDependency section */

/* Begin PBXVariantGroup section */
		E2B72382204D1F5F00BD972F /* Main.storyboard */ = {
			isa = PBXVariantGroup;
			children = (
				E2B72383204D1F5F00BD972F /* Base */,
			);
			name = Main.storyboard;
			sourceTree = "<group>";
		};
		E2B72387204D1F5F00BD972F /* LaunchScreen.storyboard */ = {
			isa = PBXVariantGroup;
			children = (
				E2B72388204D1F5F00BD972F /* Base */,
			);
			name = LaunchScreen.storyboard;
			sourceTree = "<group>";
		};
/* End PBXVariantGroup section */

/* Begin XCBuildConfiguration section */
		E2B723A3204D1F5F00BD972F /* Debug */ = {
			isa = XCBuildConfiguration;
			buildSettings = {
				ALWAYS_SEARCH_USER_PATHS = NO;
				CLANG_ANALYZER_NONNULL = YES;
				CLANG_ANALYZER_NUMBER_OBJECT_CONVERSION = YES_AGGRESSIVE;
				CLANG_CXX_LANGUAGE_STANDARD = "gnu++14";
				CLANG_CXX_LIBRARY = "libc++";
				CLANG_ENABLE_MODULES = YES;
				CLANG_ENABLE_OBJC_ARC = YES;
				CLANG_WARN_BLOCK_CAPTURE_AUTORELEASING = YES;
				CLANG_WARN_BOOL_CONVERSION = YES;
				CLANG_WARN_COMMA = YES;
				CLANG_WARN_CONSTANT_CONVERSION = YES;
				CLANG_WARN_DIRECT_OBJC_ISA_USAGE = YES_ERROR;
				CLANG_WARN_DOCUMENTATION_COMMENTS = YES;
				CLANG_WARN_EMPTY_BODY = YES;
				CLANG_WARN_ENUM_CONVERSION = YES;
				CLANG_WARN_INFINITE_RECURSION = YES;
				CLANG_WARN_INT_CONVERSION = YES;
				CLANG_WARN_NON_LITERAL_NULL_CONVERSION = YES;
				CLANG_WARN_OBJC_LITERAL_CONVERSION = YES;
				CLANG_WARN_OBJC_ROOT_CLASS = YES_ERROR;
				CLANG_WARN_RANGE_LOOP_ANALYSIS = YES;
				CLANG_WARN_STRICT_PROTOTYPES = YES;
				CLANG_WARN_SUSPICIOUS_MOVE = YES;
				CLANG_WARN_UNGUARDED_AVAILABILITY = YES_AGGRESSIVE;
				CLANG_WARN_UNREACHABLE_CODE = YES;
				CLANG_WARN__DUPLICATE_METHOD_MATCH = YES;
				CODE_SIGN_IDENTITY = "iPhone Developer";
				COPY_PHASE_STRIP = NO;
				DEBUG_INFORMATION_FORMAT = dwarf;
				ENABLE_STRICT_OBJC_MSGSEND = YES;
				ENABLE_TESTABILITY = YES;
				GCC_C_LANGUAGE_STANDARD = gnu11;
				GCC_DYNAMIC_NO_PIC = NO;
				GCC_NO_COMMON_BLOCKS = YES;
				GCC_OPTIMIZATION_LEVEL = 0;
				GCC_PREPROCESSOR_DEFINITIONS = (
					"DEBUG=1",
					"$(inherited)",
				);
				GCC_WARN_64_TO_32_BIT_CONVERSION = YES;
				GCC_WARN_ABOUT_RETURN_TYPE = YES_ERROR;
				GCC_WARN_UNDECLARED_SELECTOR = YES;
				GCC_WARN_UNINITIALIZED_AUTOS = YES_AGGRESSIVE;
				GCC_WARN_UNUSED_FUNCTION = YES;
				GCC_WARN_UNUSED_VARIABLE = YES;
				IPHONEOS_DEPLOYMENT_TARGET = 11.2;
				MTL_ENABLE_DEBUG_INFO = YES;
				ONLY_ACTIVE_ARCH = YES;
				SDKROOT = iphoneos;
			};
			name = Debug;
		};
		E2B723A4204D1F5F00BD972F /* Release */ = {
			isa = XCBuildConfiguration;
			buildSettings = {
				ALWAYS_SEARCH_USER_PATHS = NO;
				CLANG_ANALYZER_NONNULL = YES;
				CLANG_ANALYZER_NUMBER_OBJECT_CONVERSION = YES_AGGRESSIVE;
				CLANG_CXX_LANGUAGE_STANDARD = "gnu++14";
				CLANG_CXX_LIBRARY = "libc++";
				CLANG_ENABLE_MODULES = YES;
				CLANG_ENABLE_OBJC_ARC = YES;
				CLANG_WARN_BLOCK_CAPTURE_AUTORELEASING = YES;
				CLANG_WARN_BOOL_CONVERSION = YES;
				CLANG_WARN_COMMA = YES;
				CLANG_WARN_CONSTANT_CONVERSION = YES;
				CLANG_WARN_DIRECT_OBJC_ISA_USAGE = YES_ERROR;
				CLANG_WARN_DOCUMENTATION_COMMENTS = YES;
				CLANG_WARN_EMPTY_BODY = YES;
				CLANG_WARN_ENUM_CONVERSION = YES;
				CLANG_WARN_INFINITE_RECURSION = YES;
				CLANG_WARN_INT_CONVERSION = YES;
				CLANG_WARN_NON_LITERAL_NULL_CONVERSION = YES;
				CLANG_WARN_OBJC_LITERAL_CONVERSION = YES;
				CLANG_WARN_OBJC_ROOT_CLASS = YES_ERROR;
				CLANG_WARN_RANGE_LOOP_ANALYSIS = YES;
				CLANG_WARN_STRICT_PROTOTYPES = YES;
				CLANG_WARN_SUSPICIOUS_MOVE = YES;
				CLANG_WARN_UNGUARDED_AVAILABILITY = YES_AGGRESSIVE;
				CLANG_WARN_UNREACHABLE_CODE = YES;
				CLANG_WARN__DUPLICATE_METHOD_MATCH = YES;
				CODE_SIGN_IDENTITY = "iPhone Developer";
				COPY_PHASE_STRIP = NO;
				DEBUG_INFORMATION_FORMAT = "dwarf-with-dsym";
				ENABLE_NS_ASSERTIONS = NO;
				ENABLE_STRICT_OBJC_MSGSEND = YES;
				GCC_C_LANGUAGE_STANDARD = gnu11;
				GCC_NO_COMMON_BLOCKS = YES;
				GCC_WARN_64_TO_32_BIT_CONVERSION = YES;
				GCC_WARN_ABOUT_RETURN_TYPE = YES_ERROR;
				GCC_WARN_UNDECLARED_SELECTOR = YES;
				GCC_WARN_UNINITIALIZED_AUTOS = YES_AGGRESSIVE;
				GCC_WARN_UNUSED_FUNCTION = YES;
				GCC_WARN_UNUSED_VARIABLE = YES;
				IPHONEOS_DEPLOYMENT_TARGET = 11.2;
				MTL_ENABLE_DEBUG_INFO = NO;
				SDKROOT = iphoneos;
				VALIDATE_PRODUCT = YES;
			};
			name = Release;
		};
		E2B723A6204D1F5F00BD972F /* Debug */ = {
			isa = XCBuildConfiguration;
			baseConfigurationReference = 9461FFC93CC8578BADE4424F /* Pods-liveSample.debug.xcconfig */;
			buildSettings = {
				ASSETCATALOG_COMPILER_APPICON_NAME = AppIcon;
				"CODE_SIGN_IDENTITY[sdk=iphoneos*]" = "iPhone Developer";
				CODE_SIGN_STYLE = Automatic;
				DEVELOPMENT_TEAM = 7ASLZ3BDHR;
				INFOPLIST_FILE = liveSample/Info.plist;
				LD_RUNPATH_SEARCH_PATHS = "$(inherited) @executable_path/Frameworks";
				PRODUCT_BUNDLE_IDENTIFIER = Tom.Ye.liveSample.x;
				PRODUCT_NAME = "$(TARGET_NAME)";
				PROVISIONING_PROFILE_SPECIFIER = "";
				TARGETED_DEVICE_FAMILY = "1,2";
			};
			name = Debug;
		};
		E2B723A7204D1F5F00BD972F /* Release */ = {
			isa = XCBuildConfiguration;
			baseConfigurationReference = 1D034CB5026CC715C94DA9C2 /* Pods-liveSample.release.xcconfig */;
			buildSettings = {
				ASSETCATALOG_COMPILER_APPICON_NAME = AppIcon;
				"CODE_SIGN_IDENTITY[sdk=iphoneos*]" = "iPhone Developer";
				CODE_SIGN_STYLE = Automatic;
				DEVELOPMENT_TEAM = 7ASLZ3BDHR;
				INFOPLIST_FILE = liveSample/Info.plist;
				LD_RUNPATH_SEARCH_PATHS = "$(inherited) @executable_path/Frameworks";
				PRODUCT_BUNDLE_IDENTIFIER = Tom.Ye.liveSample.x;
				PRODUCT_NAME = "$(TARGET_NAME)";
				PROVISIONING_PROFILE_SPECIFIER = "";
				TARGETED_DEVICE_FAMILY = "1,2";
			};
			name = Release;
		};
		E2B723A9204D1F5F00BD972F /* Debug */ = {
			isa = XCBuildConfiguration;
			buildSettings = {
				BUNDLE_LOADER = "$(TEST_HOST)";
				CODE_SIGN_STYLE = Automatic;
				DEVELOPMENT_TEAM = 7ASLZ3BDHR;
				INFOPLIST_FILE = liveSampleTests/Info.plist;
				LD_RUNPATH_SEARCH_PATHS = "$(inherited) @executable_path/Frameworks @loader_path/Frameworks";
				PRODUCT_BUNDLE_IDENTIFIER = Tom.Ye.liveSampleTests;
				PRODUCT_NAME = "$(TARGET_NAME)";
				TARGETED_DEVICE_FAMILY = "1,2";
				TEST_HOST = "$(BUILT_PRODUCTS_DIR)/liveSample.app/liveSample";
			};
			name = Debug;
		};
		E2B723AA204D1F5F00BD972F /* Release */ = {
			isa = XCBuildConfiguration;
			buildSettings = {
				BUNDLE_LOADER = "$(TEST_HOST)";
				CODE_SIGN_STYLE = Automatic;
				DEVELOPMENT_TEAM = 7ASLZ3BDHR;
				INFOPLIST_FILE = liveSampleTests/Info.plist;
				LD_RUNPATH_SEARCH_PATHS = "$(inherited) @executable_path/Frameworks @loader_path/Frameworks";
				PRODUCT_BUNDLE_IDENTIFIER = Tom.Ye.liveSampleTests;
				PRODUCT_NAME = "$(TARGET_NAME)";
				TARGETED_DEVICE_FAMILY = "1,2";
				TEST_HOST = "$(BUILT_PRODUCTS_DIR)/liveSample.app/liveSample";
			};
			name = Release;
		};
		E2B723AC204D1F5F00BD972F /* Debug */ = {
			isa = XCBuildConfiguration;
			buildSettings = {
				CODE_SIGN_STYLE = Automatic;
				DEVELOPMENT_TEAM = 7ASLZ3BDHR;
				INFOPLIST_FILE = liveSampleUITests/Info.plist;
				LD_RUNPATH_SEARCH_PATHS = "$(inherited) @executable_path/Frameworks @loader_path/Frameworks";
				PRODUCT_BUNDLE_IDENTIFIER = Tom.Ye.liveSampleUITests;
				PRODUCT_NAME = "$(TARGET_NAME)";
				TARGETED_DEVICE_FAMILY = "1,2";
				TEST_TARGET_NAME = liveSample;
			};
			name = Debug;
		};
		E2B723AD204D1F5F00BD972F /* Release */ = {
			isa = XCBuildConfiguration;
			buildSettings = {
				CODE_SIGN_STYLE = Automatic;
				DEVELOPMENT_TEAM = 7ASLZ3BDHR;
				INFOPLIST_FILE = liveSampleUITests/Info.plist;
				LD_RUNPATH_SEARCH_PATHS = "$(inherited) @executable_path/Frameworks @loader_path/Frameworks";
				PRODUCT_BUNDLE_IDENTIFIER = Tom.Ye.liveSampleUITests;
				PRODUCT_NAME = "$(TARGET_NAME)";
				TARGETED_DEVICE_FAMILY = "1,2";
				TEST_TARGET_NAME = liveSample;
			};
			name = Release;
		};
/* End XCBuildConfiguration section */

/* Begin XCConfigurationList section */
		E2B72374204D1F5E00BD972F /* Build configuration list for PBXProject "liveSample" */ = {
			isa = XCConfigurationList;
			buildConfigurations = (
				E2B723A3204D1F5F00BD972F /* Debug */,
				E2B723A4204D1F5F00BD972F /* Release */,
			);
			defaultConfigurationIsVisible = 0;
			defaultConfigurationName = Release;
		};
		E2B723A5204D1F5F00BD972F /* Build configuration list for PBXNativeTarget "liveSample" */ = {
			isa = XCConfigurationList;
			buildConfigurations = (
				E2B723A6204D1F5F00BD972F /* Debug */,
				E2B723A7204D1F5F00BD972F /* Release */,
			);
			defaultConfigurationIsVisible = 0;
			defaultConfigurationName = Release;
		};
		E2B723A8204D1F5F00BD972F /* Build configuration list for PBXNativeTarget "liveSampleTests" */ = {
			isa = XCConfigurationList;
			buildConfigurations = (
				E2B723A9204D1F5F00BD972F /* Debug */,
				E2B723AA204D1F5F00BD972F /* Release */,
			);
			defaultConfigurationIsVisible = 0;
			defaultConfigurationName = Release;
		};
		E2B723AB204D1F5F00BD972F /* Build configuration list for PBXNativeTarget "liveSampleUITests" */ = {
			isa = XCConfigurationList;
			buildConfigurations = (
				E2B723AC204D1F5F00BD972F /* Debug */,
				E2B723AD204D1F5F00BD972F /* Release */,
			);
			defaultConfigurationIsVisible = 0;
			defaultConfigurationName = Release;
		};
/* End XCConfigurationList section */
	};
	rootObject = E2B72371204D1F5E00BD972F /* Project object */;
}
